// !$*UTF8*$!
{
	archiveVersion = 1;
	classes = {
	};
	objectVersion = 45;
	objects = {

/* Begin PBXBuildFile section */
		410F926F124930980044A8E2 /* GLWindow.cpp in Sources */ = {isa = PBXBuildFile; fileRef = 410F926E124930980044A8E2 /* GLWindow.cpp */; };
		410F9272124932A80044A8E2 /* GLDrawable.cpp in Sources */ = {isa = PBXBuildFile; fileRef = 410F9271124932A80044A8E2 /* GLDrawable.cpp */; };
		410F9275124933980044A8E2 /* ShooterGame.cpp in Sources */ = {isa = PBXBuildFile; fileRef = 410F9274124933980044A8E2 /* ShooterGame.cpp */; };
		410F927A124934FE0044A8E2 /* GLMovable.cpp in Sources */ = {isa = PBXBuildFile; fileRef = 410F9279124934FE0044A8E2 /* GLMovable.cpp */; };
		410F931012494E5F0044A8E2 /* SGBall.cpp in Sources */ = {isa = PBXBuildFile; fileRef = 410F930F12494E5F0044A8E2 /* SGBall.cpp */; };
		410F9405124959480044A8E2 /* Vector2d.cpp in Sources */ = {isa = PBXBuildFile; fileRef = 410F9404124959480044A8E2 /* Vector2d.cpp */; };
		4164244D1249909A00114E76 /* SGCannon.cpp in Sources */ = {isa = PBXBuildFile; fileRef = 4164244C1249909A00114E76 /* SGCannon.cpp */; };
		419D3AF61246F259007FA8A7 /* OpenGL.framework in Frameworks */ = {isa = PBXBuildFile; fileRef = 419D3AF51246F259007FA8A7 /* OpenGL.framework */; };
		419D3AFC1246F260007FA8A7 /* GLUT.framework in Frameworks */ = {isa = PBXBuildFile; fileRef = 419D3AFB1246F260007FA8A7 /* GLUT.framework */; };
		8DD76F650486A84900D96B5E /* main.cpp in Sources */ = {isa = PBXBuildFile; fileRef = 08FB7796FE84155DC02AAC07 /* main.cpp */; settings = {ATTRIBUTES = (); }; };
		8DD76F6A0486A84900D96B5E /* Project1.1 in CopyFiles */ = {isa = PBXBuildFile; fileRef = C6859E8B029090EE04C91782 /* Project1.1 */; };
/* End PBXBuildFile section */

/* Begin PBXCopyFilesBuildPhase section */
		8DD76F690486A84900D96B5E /* CopyFiles */ = {
			isa = PBXCopyFilesBuildPhase;
			buildActionMask = 8;
			dstPath = /usr/share/man/man1/;
			dstSubfolderSpec = 0;
			files = (
				8DD76F6A0486A84900D96B5E /* Project1.1 in CopyFiles */,
			);
			runOnlyForDeploymentPostprocessing = 1;
		};
/* End PBXCopyFilesBuildPhase section */

/* Begin PBXFileReference section */
		08FB7796FE84155DC02AAC07 /* main.cpp */ = {isa = PBXFileReference; fileEncoding = 4; lastKnownFileType = sourcecode.cpp.cpp; path = main.cpp; sourceTree = "<group>"; };
		410F91CA1246F7440044A8E2 /* Project1 */ = {isa = PBXFileReference; explicitFileType = "compiled.mach-o.executable"; includeInIndex = 0; path = Project1; sourceTree = BUILT_PRODUCTS_DIR; };
		410F926D124930980044A8E2 /* GLWindow.h */ = {isa = PBXFileReference; fileEncoding = 4; lastKnownFileType = sourcecode.c.h; path = GLWindow.h; sourceTree = "<group>"; };
		410F926E124930980044A8E2 /* GLWindow.cpp */ = {isa = PBXFileReference; fileEncoding = 4; lastKnownFileType = sourcecode.cpp.cpp; path = GLWindow.cpp; sourceTree = "<group>"; };
		410F9270124932A80044A8E2 /* GLDrawable.h */ = {isa = PBXFileReference; fileEncoding = 4; lastKnownFileType = sourcecode.c.h; path = GLDrawable.h; sourceTree = "<group>"; };
		410F9271124932A80044A8E2 /* GLDrawable.cpp */ = {isa = PBXFileReference; fileEncoding = 4; lastKnownFileType = sourcecode.cpp.cpp; path = GLDrawable.cpp; sourceTree = "<group>"; };
		410F9273124933980044A8E2 /* ShooterGame.h */ = {isa = PBXFileReference; fileEncoding = 4; lastKnownFileType = sourcecode.c.h; path = ShooterGame.h; sourceTree = "<group>"; };
		410F9274124933980044A8E2 /* ShooterGame.cpp */ = {isa = PBXFileReference; fileEncoding = 4; lastKnownFileType = sourcecode.cpp.cpp; path = ShooterGame.cpp; sourceTree = "<group>"; };
		410F9278124934FE0044A8E2 /* GLMovable.h */ = {isa = PBXFileReference; fileEncoding = 4; lastKnownFileType = sourcecode.c.h; path = GLMovable.h; sourceTree = "<group>"; };
		410F9279124934FE0044A8E2 /* GLMovable.cpp */ = {isa = PBXFileReference; fileEncoding = 4; lastKnownFileType = sourcecode.cpp.cpp; path = GLMovable.cpp; sourceTree = "<group>"; };
		410F930E12494E5F0044A8E2 /* SGBall.h */ = {isa = PBXFileReference; fileEncoding = 4; lastKnownFileType = sourcecode.c.h; path = SGBall.h; sourceTree = "<group>"; };
		410F930F12494E5F0044A8E2 /* SGBall.cpp */ = {isa = PBXFileReference; fileEncoding = 4; lastKnownFileType = sourcecode.cpp.cpp; path = SGBall.cpp; sourceTree = "<group>"; };
		410F9403124959480044A8E2 /* Vector2d.h */ = {isa = PBXFileReference; fileEncoding = 4; lastKnownFileType = sourcecode.c.h; path = Vector2d.h; sourceTree = "<group>"; };
		410F9404124959480044A8E2 /* Vector2d.cpp */ = {isa = PBXFileReference; fileEncoding = 4; lastKnownFileType = sourcecode.cpp.cpp; path = Vector2d.cpp; sourceTree = "<group>"; };
		4164244B1249909A00114E76 /* SGCannon.h */ = {isa = PBXFileReference; fileEncoding = 4; lastKnownFileType = sourcecode.c.h; path = SGCannon.h; sourceTree = "<group>"; };
		4164244C1249909A00114E76 /* SGCannon.cpp */ = {isa = PBXFileReference; fileEncoding = 4; lastKnownFileType = sourcecode.cpp.cpp; path = SGCannon.cpp; sourceTree = "<group>"; };
		419D3AF51246F259007FA8A7 /* OpenGL.framework */ = {isa = PBXFileReference; lastKnownFileType = wrapper.framework; name = OpenGL.framework; path = System/Library/Frameworks/OpenGL.framework; sourceTree = SDKROOT; };
		419D3AFB1246F260007FA8A7 /* GLUT.framework */ = {isa = PBXFileReference; lastKnownFileType = wrapper.framework; name = GLUT.framework; path = System/Library/Frameworks/GLUT.framework; sourceTree = SDKROOT; };
		C6859E8B029090EE04C91782 /* Project1.1 */ = {isa = PBXFileReference; lastKnownFileType = text.man; path = Project1.1; sourceTree = "<group>"; };
/* End PBXFileReference section */

/* Begin PBXFrameworksBuildPhase section */
		8DD76F660486A84900D96B5E /* Frameworks */ = {
			isa = PBXFrameworksBuildPhase;
			buildActionMask = 2147483647;
			files = (
				419D3AF61246F259007FA8A7 /* OpenGL.framework in Frameworks */,
				419D3AFC1246F260007FA8A7 /* GLUT.framework in Frameworks */,
			);
			runOnlyForDeploymentPostprocessing = 0;
		};
/* End PBXFrameworksBuildPhase section */

/* Begin PBXGroup section */
		08FB7794FE84155DC02AAC07 /* Project1 */ = {
			isa = PBXGroup;
			children = (
				08FB7795FE84155DC02AAC07 /* Source */,
				C6859E8C029090F304C91782 /* Documentation */,
				1AB674ADFE9D54B511CA2CBB /* Products */,
				419D3AF51246F259007FA8A7 /* OpenGL.framework */,
				419D3AFB1246F260007FA8A7 /* GLUT.framework */,
			);
			name = Project1;
			sourceTree = "<group>";
		};
		08FB7795FE84155DC02AAC07 /* Source */ = {
			isa = PBXGroup;
			children = (
				410F9277124933CB0044A8E2 /* ShooterGame */,
				410F9276124933A00044A8E2 /* GraphicsLib */,
				08FB7796FE84155DC02AAC07 /* main.cpp */,
				410F9273124933980044A8E2 /* ShooterGame.h */,
				410F9274124933980044A8E2 /* ShooterGame.cpp */,
			);
			name = Source;
			sourceTree = "<group>";
		};
		1AB674ADFE9D54B511CA2CBB /* Products */ = {
			isa = PBXGroup;
			children = (
				410F91CA1246F7440044A8E2 /* Project1 */,
			);
			name = Products;
			sourceTree = "<group>";
		};
		410F9276124933A00044A8E2 /* GraphicsLib */ = {
			isa = PBXGroup;
			children = (
				410F9406124959560044A8E2 /* Math */,
				410F926D124930980044A8E2 /* GLWindow.h */,
				410F926E124930980044A8E2 /* GLWindow.cpp */,
				410F9270124932A80044A8E2 /* GLDrawable.h */,
				410F9271124932A80044A8E2 /* GLDrawable.cpp */,
				410F9278124934FE0044A8E2 /* GLMovable.h */,
				410F9279124934FE0044A8E2 /* GLMovable.cpp */,
			);
			name = GraphicsLib;
			sourceTree = "<group>";
		};
		410F9277124933CB0044A8E2 /* ShooterGame */ = {
			isa = PBXGroup;
			children = (
				410F930E12494E5F0044A8E2 /* SGBall.h */,
				410F930F12494E5F0044A8E2 /* SGBall.cpp */,
				4164244B1249909A00114E76 /* SGCannon.h */,
				4164244C1249909A00114E76 /* SGCannon.cpp */,
			);
			name = ShooterGame;
			sourceTree = "<group>";
		};
		410F9406124959560044A8E2 /* Math */ = {
			isa = PBXGroup;
			children = (
				410F9403124959480044A8E2 /* Vector2d.h */,
				410F9404124959480044A8E2 /* Vector2d.cpp */,
			);
			name = Math;
			sourceTree = "<group>";
		};
		C6859E8C029090F304C91782 /* Documentation */ = {
			isa = PBXGroup;
			children = (
				C6859E8B029090EE04C91782 /* Project1.1 */,
			);
			name = Documentation;
			sourceTree = "<group>";
		};
/* End PBXGroup section */

/* Begin PBXNativeTarget section */
		8DD76F620486A84900D96B5E /* Project1 */ = {
			isa = PBXNativeTarget;
			buildConfigurationList = 1DEB923108733DC60010E9CD /* Build configuration list for PBXNativeTarget "Project1" */;
			buildPhases = (
				8DD76F640486A84900D96B5E /* Sources */,
				8DD76F660486A84900D96B5E /* Frameworks */,
				8DD76F690486A84900D96B5E /* CopyFiles */,
			);
			buildRules = (
			);
			dependencies = (
			);
			name = Project1;
			productInstallPath = "$(HOME)/bin";
			productName = Project1;
			productReference = 410F91CA1246F7440044A8E2 /* Project1 */;
			productType = "com.apple.product-type.tool";
		};
/* End PBXNativeTarget section */

/* Begin PBXProject section */
		08FB7793FE84155DC02AAC07 /* Project object */ = {
			isa = PBXProject;
			attributes = {
				ORGANIZATIONNAME = "Brady Law";
			};
			buildConfigurationList = 1DEB923508733DC60010E9CD /* Build configuration list for PBXProject "Project1" */;
			compatibilityVersion = "Xcode 3.1";
			hasScannedForEncodings = 1;
			mainGroup = 08FB7794FE84155DC02AAC07 /* Project1 */;
			projectDirPath = "";
			projectRoot = "";
			targets = (
				8DD76F620486A84900D96B5E /* Project1 */,
			);
		};
/* End PBXProject section */

/* Begin PBXSourcesBuildPhase section */
		8DD76F640486A84900D96B5E /* Sources */ = {
			isa = PBXSourcesBuildPhase;
			buildActionMask = 2147483647;
			files = (
				8DD76F650486A84900D96B5E /* main.cpp in Sources */,
				410F926F124930980044A8E2 /* GLWindow.cpp in Sources */,
				410F9272124932A80044A8E2 /* GLDrawable.cpp in Sources */,
				410F9275124933980044A8E2 /* ShooterGame.cpp in Sources */,
				410F927A124934FE0044A8E2 /* GLMovable.cpp in Sources */,
				410F931012494E5F0044A8E2 /* SGBall.cpp in Sources */,
				410F9405124959480044A8E2 /* Vector2d.cpp in Sources */,
				4164244D1249909A00114E76 /* SGCannon.cpp in Sources */,
			);
			runOnlyForDeploymentPostprocessing = 0;
		};
/* End PBXSourcesBuildPhase section */

/* Begin XCBuildConfiguration section */
		1DEB923208733DC60010E9CD /* Debug */ = {
			isa = XCBuildConfiguration;
			buildSettings = {
				ALWAYS_SEARCH_USER_PATHS = NO;
				COPY_PHASE_STRIP = NO;
				GCC_DYNAMIC_NO_PIC = NO;
				GCC_ENABLE_FIX_AND_CONTINUE = YES;
				GCC_MODEL_TUNING = G5;
				GCC_OPTIMIZATION_LEVEL = 0;
				INSTALL_PATH = /usr/local/bin;
				PRODUCT_NAME = Project1;
			};
			name = Debug;
		};
		1DEB923308733DC60010E9CD /* Release */ = {
			isa = XCBuildConfiguration;
			buildSettings = {
				ALWAYS_SEARCH_USER_PATHS = NO;
				DEBUG_INFORMATION_FORMAT = "dwarf-with-dsym";
				GCC_MODEL_TUNING = G5;
				INSTALL_PATH = /usr/local/bin;
				PRODUCT_NAME = Project1;
			};
			name = Release;
		};
		1DEB923608733DC60010E9CD /* Debug */ = {
			isa = XCBuildConfiguration;
			buildSettings = {
				ARCHS = "$(ARCHS_STANDARD_32_64_BIT)";
				GCC_C_LANGUAGE_STANDARD = gnu99;
				GCC_OPTIMIZATION_LEVEL = 0;
				GCC_WARN_ABOUT_RETURN_TYPE = YES;
				GCC_WARN_UNUSED_VARIABLE = YES;
				ONLY_ACTIVE_ARCH = YES;
				PREBINDING = NO;
				SDKROOT = macosx10.6;
			};
			name = Debug;
		};
		1DEB923708733DC60010E9CD /* Release */ = {
			isa = XCBuildConfiguration;
			buildSettings = {
				ARCHS = "$(ARCHS_STANDARD_32_64_BIT)";
				GCC_C_LANGUAGE_STANDARD = gnu99;
				GCC_WARN_ABOUT_RETURN_TYPE = YES;
				GCC_WARN_UNUSED_VARIABLE = YES;
				PREBINDING = NO;
				SDKROOT = macosx10.6;
			};
			name = Release;
		};
/* End XCBuildConfiguration section */

/* Begin XCConfigurationList section */
		1DEB923108733DC60010E9CD /* Build configuration list for PBXNativeTarget "Project1" */ = {
			isa = XCConfigurationList;
			buildConfigurations = (
				1DEB923208733DC60010E9CD /* Debug */,
				1DEB923308733DC60010E9CD /* Release */,
			);
			defaultConfigurationIsVisible = 0;
			defaultConfigurationName = Release;
		};
		1DEB923508733DC60010E9CD /* Build configuration list for PBXProject "Project1" */ = {
			isa = XCConfigurationList;
			buildConfigurations = (
				1DEB923608733DC60010E9CD /* Debug */,
				1DEB923708733DC60010E9CD /* Release */,
			);
			defaultConfigurationIsVisible = 0;
			defaultConfigurationName = Release;
		};
/* End XCConfigurationList section */
	};
	rootObject = 08FB7793FE84155DC02AAC07 /* Project object */;
}
