// !$*UTF8*$!
{
	archiveVersion = 1;
	classes = {
	};
	objectVersion = 45;
	objects = {

/* Begin PBXBuildFile section */
		419D3AF61246F259007FA8A7 /* OpenGL.framework in Frameworks */ = {isa = PBXBuildFile; fileRef = 419D3AF51246F259007FA8A7 /* OpenGL.framework */; };
		419D3AFC1246F260007FA8A7 /* GLUT.framework in Frameworks */ = {isa = PBXBuildFile; fileRef = 419D3AFB1246F260007FA8A7 /* GLUT.framework */; };
		41E158D512510F4300772CAB /* Geometry.cpp in Sources */ = {isa = PBXBuildFile; fileRef = 41E158C912510F4300772CAB /* Geometry.cpp */; };
		41E158D612510F4300772CAB /* GLDrawable.cpp in Sources */ = {isa = PBXBuildFile; fileRef = 41E158CC12510F4300772CAB /* GLDrawable.cpp */; };
		41E158D712510F4300772CAB /* GLMovable.cpp in Sources */ = {isa = PBXBuildFile; fileRef = 41E158CE12510F4300772CAB /* GLMovable.cpp */; };
		41E158D812510F4300772CAB /* GLWindow.cpp in Sources */ = {isa = PBXBuildFile; fileRef = 41E158D012510F4300772CAB /* GLWindow.cpp */; };
		41E158D912510F4300772CAB /* Vector2d.cpp in Sources */ = {isa = PBXBuildFile; fileRef = 41E158D312510F4300772CAB /* Vector2d.cpp */; };
		41E158E8125111B300772CAB /* SGBall.cpp in Sources */ = {isa = PBXBuildFile; fileRef = 41E158E0125111B300772CAB /* SGBall.cpp */; };
		41E158E9125111B300772CAB /* SGBullet.cpp in Sources */ = {isa = PBXBuildFile; fileRef = 41E158E2125111B300772CAB /* SGBullet.cpp */; };
		41E158EA125111B300772CAB /* SGCannon.cpp in Sources */ = {isa = PBXBuildFile; fileRef = 41E158E4125111B300772CAB /* SGCannon.cpp */; };
		41E158EB125111B300772CAB /* ShooterGame.cpp in Sources */ = {isa = PBXBuildFile; fileRef = 41E158E6125111B300772CAB /* ShooterGame.cpp */; };
		8DD76F650486A84900D96B5E /* main.cpp in Sources */ = {isa = PBXBuildFile; fileRef = 08FB7796FE84155DC02AAC07 /* main.cpp */; settings = {ATTRIBUTES = (); }; };
		8DD76F6A0486A84900D96B5E /* Project1.1 in CopyFiles */ = {isa = PBXBuildFile; fileRef = C6859E8B029090EE04C91782 /* Project1.1 */; };
/* End PBXBuildFile section */

/* Begin PBXCopyFilesBuildPhase section */
		8DD76F690486A84900D96B5E /* CopyFiles */ = {
			isa = PBXCopyFilesBuildPhase;
			buildActionMask = 8;
			dstPath = /usr/share/man/man1/;
			dstSubfolderSpec = 0;
			files = (
				8DD76F6A0486A84900D96B5E /* Project1.1 in CopyFiles */,
			);
			runOnlyForDeploymentPostprocessing = 1;
		};
/* End PBXCopyFilesBuildPhase section */

/* Begin PBXFileReference section */
		08FB7796FE84155DC02AAC07 /* main.cpp */ = {isa = PBXFileReference; fileEncoding = 4; lastKnownFileType = sourcecode.cpp.cpp; path = main.cpp; sourceTree = "<group>"; };
		410F91CA1246F7440044A8E2 /* Project1 */ = {isa = PBXFileReference; explicitFileType = "compiled.mach-o.executable"; includeInIndex = 0; path = Project1; sourceTree = BUILT_PRODUCTS_DIR; };
		419D3AF51246F259007FA8A7 /* OpenGL.framework */ = {isa = PBXFileReference; lastKnownFileType = wrapper.framework; name = OpenGL.framework; path = System/Library/Frameworks/OpenGL.framework; sourceTree = SDKROOT; };
		419D3AFB1246F260007FA8A7 /* GLUT.framework */ = {isa = PBXFileReference; lastKnownFileType = wrapper.framework; name = GLUT.framework; path = System/Library/Frameworks/GLUT.framework; sourceTree = SDKROOT; };
		41C8666A1249AE5C00D8F5F6 /* README */ = {isa = PBXFileReference; fileEncoding = 4; lastKnownFileType = text; path = README; sourceTree = "<group>"; };
		41E158C812510F4300772CAB /* Circle.h */ = {isa = PBXFileReference; fileEncoding = 4; lastKnownFileType = sourcecode.c.h; name = Circle.h; path = GraphicsLib/Geometry/Circle.h; sourceTree = SOURCE_ROOT; };
		41E158C912510F4300772CAB /* Geometry.cpp */ = {isa = PBXFileReference; fileEncoding = 4; lastKnownFileType = sourcecode.cpp.cpp; name = Geometry.cpp; path = GraphicsLib/Geometry/Geometry.cpp; sourceTree = SOURCE_ROOT; };
		41E158CA12510F4300772CAB /* Geometry.h */ = {isa = PBXFileReference; fileEncoding = 4; lastKnownFileType = sourcecode.c.h; name = Geometry.h; path = GraphicsLib/Geometry/Geometry.h; sourceTree = SOURCE_ROOT; };
		41E158CB12510F4300772CAB /* Rectangle.h */ = {isa = PBXFileReference; fileEncoding = 4; lastKnownFileType = sourcecode.c.h; name = Rectangle.h; path = GraphicsLib/Geometry/Rectangle.h; sourceTree = SOURCE_ROOT; };
		41E158CC12510F4300772CAB /* GLDrawable.cpp */ = {isa = PBXFileReference; fileEncoding = 4; lastKnownFileType = sourcecode.cpp.cpp; name = GLDrawable.cpp; path = GraphicsLib/GLDrawable.cpp; sourceTree = SOURCE_ROOT; };
		41E158CD12510F4300772CAB /* GLDrawable.h */ = {isa = PBXFileReference; fileEncoding = 4; lastKnownFileType = sourcecode.c.h; name = GLDrawable.h; path = GraphicsLib/GLDrawable.h; sourceTree = SOURCE_ROOT; };
		41E158CE12510F4300772CAB /* GLMovable.cpp */ = {isa = PBXFileReference; fileEncoding = 4; lastKnownFileType = sourcecode.cpp.cpp; name = GLMovable.cpp; path = GraphicsLib/GLMovable.cpp; sourceTree = SOURCE_ROOT; };
		41E158CF12510F4300772CAB /* GLMovable.h */ = {isa = PBXFileReference; fileEncoding = 4; lastKnownFileType = sourcecode.c.h; name = GLMovable.h; path = GraphicsLib/GLMovable.h; sourceTree = SOURCE_ROOT; };
		41E158D012510F4300772CAB /* GLWindow.cpp */ = {isa = PBXFileReference; fileEncoding = 4; lastKnownFileType = sourcecode.cpp.cpp; name = GLWindow.cpp; path = GraphicsLib/GLWindow.cpp; sourceTree = SOURCE_ROOT; };
		41E158D112510F4300772CAB /* GLWindow.h */ = {isa = PBXFileReference; fileEncoding = 4; lastKnownFileType = sourcecode.c.h; name = GLWindow.h; path = GraphicsLib/GLWindow.h; sourceTree = SOURCE_ROOT; };
		41E158D312510F4300772CAB /* Vector2d.cpp */ = {isa = PBXFileReference; fileEncoding = 4; lastKnownFileType = sourcecode.cpp.cpp; name = Vector2d.cpp; path = GraphicsLib/Math/Vector2d.cpp; sourceTree = SOURCE_ROOT; };
		41E158D412510F4300772CAB /* Vector2d.h */ = {isa = PBXFileReference; fileEncoding = 4; lastKnownFileType = sourcecode.c.h; name = Vector2d.h; path = GraphicsLib/Math/Vector2d.h; sourceTree = SOURCE_ROOT; };
		41E158E0125111B300772CAB /* SGBall.cpp */ = {isa = PBXFileReference; fileEncoding = 4; lastKnownFileType = sourcecode.cpp.cpp; name = SGBall.cpp; path = ShooterGame/Elements/SGBall.cpp; sourceTree = SOURCE_ROOT; };
		41E158E1125111B300772CAB /* SGBall.h */ = {isa = PBXFileReference; fileEncoding = 4; lastKnownFileType = sourcecode.c.h; name = SGBall.h; path = ShooterGame/Elements/SGBall.h; sourceTree = SOURCE_ROOT; };
		41E158E2125111B300772CAB /* SGBullet.cpp */ = {isa = PBXFileReference; fileEncoding = 4; lastKnownFileType = sourcecode.cpp.cpp; name = SGBullet.cpp; path = ShooterGame/Elements/SGBullet.cpp; sourceTree = SOURCE_ROOT; };
		41E158E3125111B300772CAB /* SGBullet.h */ = {isa = PBXFileReference; fileEncoding = 4; lastKnownFileType = sourcecode.c.h; name = SGBullet.h; path = ShooterGame/Elements/SGBullet.h; sourceTree = SOURCE_ROOT; };
		41E158E4125111B300772CAB /* SGCannon.cpp */ = {isa = PBXFileReference; fileEncoding = 4; lastKnownFileType = sourcecode.cpp.cpp; name = SGCannon.cpp; path = ShooterGame/Elements/SGCannon.cpp; sourceTree = SOURCE_ROOT; };
		41E158E5125111B300772CAB /* SGCannon.h */ = {isa = PBXFileReference; fileEncoding = 4; lastKnownFileType = sourcecode.c.h; name = SGCannon.h; path = ShooterGame/Elements/SGCannon.h; sourceTree = SOURCE_ROOT; };
		41E158E6125111B300772CAB /* ShooterGame.cpp */ = {isa = PBXFileReference; fileEncoding = 4; lastKnownFileType = sourcecode.cpp.cpp; name = ShooterGame.cpp; path = ShooterGame/ShooterGame.cpp; sourceTree = SOURCE_ROOT; };
		41E158E7125111B300772CAB /* ShooterGame.h */ = {isa = PBXFileReference; fileEncoding = 4; lastKnownFileType = sourcecode.c.h; name = ShooterGame.h; path = ShooterGame/ShooterGame.h; sourceTree = SOURCE_ROOT; };
		C6859E8B029090EE04C91782 /* Project1.1 */ = {isa = PBXFileReference; lastKnownFileType = text.man; path = Project1.1; sourceTree = "<group>"; };
/* End PBXFileReference section */

/* Begin PBXFrameworksBuildPhase section */
		8DD76F660486A84900D96B5E /* Frameworks */ = {
			isa = PBXFrameworksBuildPhase;
			buildActionMask = 2147483647;
			files = (
				419D3AF61246F259007FA8A7 /* OpenGL.framework in Frameworks */,
				419D3AFC1246F260007FA8A7 /* GLUT.framework in Frameworks */,
			);
			runOnlyForDeploymentPostprocessing = 0;
		};
/* End PBXFrameworksBuildPhase section */

/* Begin PBXGroup section */
		08FB7794FE84155DC02AAC07 /* Project1 */ = {
			isa = PBXGroup;
			children = (
				08FB7795FE84155DC02AAC07 /* Source */,
				C6859E8C029090F304C91782 /* Documentation */,
				1AB674ADFE9D54B511CA2CBB /* Products */,
				419D3AF51246F259007FA8A7 /* OpenGL.framework */,
				419D3AFB1246F260007FA8A7 /* GLUT.framework */,
				41C8666A1249AE5C00D8F5F6 /* README */,
			);
			name = Project1;
			sourceTree = "<group>";
		};
		08FB7795FE84155DC02AAC07 /* Source */ = {
			isa = PBXGroup;
			children = (
				41E158DE125111B300772CAB /* ShooterGame */,
				41E158C612510F4300772CAB /* GraphicsLib */,
				08FB7796FE84155DC02AAC07 /* main.cpp */,
			);
			name = Source;
			sourceTree = "<group>";
		};
		1AB674ADFE9D54B511CA2CBB /* Products */ = {
			isa = PBXGroup;
			children = (
				410F91CA1246F7440044A8E2 /* Project1 */,
			);
			name = Products;
			sourceTree = "<group>";
		};
		41E158C612510F4300772CAB /* GraphicsLib */ = {
			isa = PBXGroup;
			children = (
				41E158C712510F4300772CAB /* Geometry */,
				41E158CC12510F4300772CAB /* GLDrawable.cpp */,
				41E158CD12510F4300772CAB /* GLDrawable.h */,
				41E158CE12510F4300772CAB /* GLMovable.cpp */,
				41E158CF12510F4300772CAB /* GLMovable.h */,
				41E158D012510F4300772CAB /* GLWindow.cpp */,
				41E158D112510F4300772CAB /* GLWindow.h */,
				41E158D212510F4300772CAB /* Math */,
			);
			path = GraphicsLib;
			sourceTree = SOURCE_ROOT;
		};
		41E158C712510F4300772CAB /* Geometry */ = {
			isa = PBXGroup;
			children = (
				41E158C812510F4300772CAB /* Circle.h */,
				41E158C912510F4300772CAB /* Geometry.cpp */,
				41E158CA12510F4300772CAB /* Geometry.h */,
				41E158CB12510F4300772CAB /* Rectangle.h */,
			);
			name = Geometry;
			path = GraphicsLib/Geometry;
			sourceTree = SOURCE_ROOT;
		};
		41E158D212510F4300772CAB /* Math */ = {
			isa = PBXGroup;
			children = (
				41E158D312510F4300772CAB /* Vector2d.cpp */,
				41E158D412510F4300772CAB /* Vector2d.h */,
			);
			name = Math;
			path = GraphicsLib/Math;
			sourceTree = SOURCE_ROOT;
		};
		41E158DE125111B300772CAB /* ShooterGame */ = {
			isa = PBXGroup;
			children = (
				41E158DF125111B300772CAB /* Elements */,
				41E158E6125111B300772CAB /* ShooterGame.cpp */,
				41E158E7125111B300772CAB /* ShooterGame.h */,
			);
			path = ShooterGame;
			sourceTree = SOURCE_ROOT;
		};
		41E158DF125111B300772CAB /* Elements */ = {
			isa = PBXGroup;
			children = (
				41E158E0125111B300772CAB /* SGBall.cpp */,
				41E158E1125111B300772CAB /* SGBall.h */,
				41E158E2125111B300772CAB /* SGBullet.cpp */,
				41E158E3125111B300772CAB /* SGBullet.h */,
				41E158E4125111B300772CAB /* SGCannon.cpp */,
				41E158E5125111B300772CAB /* SGCannon.h */,
			);
			name = Elements;
			path = ShooterGame/Elements;
			sourceTree = SOURCE_ROOT;
		};
		C6859E8C029090F304C91782 /* Documentation */ = {
			isa = PBXGroup;
			children = (
				C6859E8B029090EE04C91782 /* Project1.1 */,
			);
			name = Documentation;
			sourceTree = "<group>";
		};
/* End PBXGroup section */

/* Begin PBXNativeTarget section */
		8DD76F620486A84900D96B5E /* Project1 */ = {
			isa = PBXNativeTarget;
			buildConfigurationList = 1DEB923108733DC60010E9CD /* Build configuration list for PBXNativeTarget "Project1" */;
			buildPhases = (
				8DD76F640486A84900D96B5E /* Sources */,
				8DD76F660486A84900D96B5E /* Frameworks */,
				8DD76F690486A84900D96B5E /* CopyFiles */,
			);
			buildRules = (
			);
			dependencies = (
			);
			name = Project1;
			productInstallPath = "$(HOME)/bin";
			productName = Project1;
			productReference = 410F91CA1246F7440044A8E2 /* Project1 */;
			productType = "com.apple.product-type.tool";
		};
/* End PBXNativeTarget section */

/* Begin PBXProject section */
		08FB7793FE84155DC02AAC07 /* Project object */ = {
			isa = PBXProject;
			attributes = {
				ORGANIZATIONNAME = "Brady Law";
			};
			buildConfigurationList = 1DEB923508733DC60010E9CD /* Build configuration list for PBXProject "Project1" */;
			compatibilityVersion = "Xcode 3.1";
			hasScannedForEncodings = 1;
			mainGroup = 08FB7794FE84155DC02AAC07 /* Project1 */;
			projectDirPath = "";
			projectRoot = "";
			targets = (
				8DD76F620486A84900D96B5E /* Project1 */,
			);
		};
/* End PBXProject section */

/* Begin PBXSourcesBuildPhase section */
		8DD76F640486A84900D96B5E /* Sources */ = {
			isa = PBXSourcesBuildPhase;
			buildActionMask = 2147483647;
			files = (
				8DD76F650486A84900D96B5E /* main.cpp in Sources */,
				41E158D512510F4300772CAB /* Geometry.cpp in Sources */,
				41E158D612510F4300772CAB /* GLDrawable.cpp in Sources */,
				41E158D712510F4300772CAB /* GLMovable.cpp in Sources */,
				41E158D812510F4300772CAB /* GLWindow.cpp in Sources */,
				41E158D912510F4300772CAB /* Vector2d.cpp in Sources */,
				41E158E8125111B300772CAB /* SGBall.cpp in Sources */,
				41E158E9125111B300772CAB /* SGBullet.cpp in Sources */,
				41E158EA125111B300772CAB /* SGCannon.cpp in Sources */,
				41E158EB125111B300772CAB /* ShooterGame.cpp in Sources */,
			);
			runOnlyForDeploymentPostprocessing = 0;
		};
/* End PBXSourcesBuildPhase section */

/* Begin XCBuildConfiguration section */
		1DEB923208733DC60010E9CD /* Debug */ = {
			isa = XCBuildConfiguration;
			buildSettings = {
				ALWAYS_SEARCH_USER_PATHS = NO;
				COPY_PHASE_STRIP = NO;
				GCC_DYNAMIC_NO_PIC = NO;
				GCC_ENABLE_FIX_AND_CONTINUE = YES;
				GCC_MODEL_TUNING = G5;
				GCC_OPTIMIZATION_LEVEL = 0;
				INSTALL_PATH = /usr/local/bin;
				PRODUCT_NAME = Project1;
			};
			name = Debug;
		};
		1DEB923308733DC60010E9CD /* Release */ = {
			isa = XCBuildConfiguration;
			buildSettings = {
				ALWAYS_SEARCH_USER_PATHS = NO;
				DEBUG_INFORMATION_FORMAT = "dwarf-with-dsym";
				GCC_MODEL_TUNING = G5;
				INSTALL_PATH = /usr/local/bin;
				PRODUCT_NAME = Project1;
			};
			name = Release;
		};
		1DEB923608733DC60010E9CD /* Debug */ = {
			isa = XCBuildConfiguration;
			buildSettings = {
				ARCHS = "$(ARCHS_STANDARD_32_64_BIT)";
				GCC_C_LANGUAGE_STANDARD = gnu99;
				GCC_OPTIMIZATION_LEVEL = 0;
				GCC_WARN_ABOUT_RETURN_TYPE = YES;
				GCC_WARN_UNUSED_VARIABLE = YES;
				HEADER_SEARCH_PATHS = "${SOURCE_ROOT}";
				ONLY_ACTIVE_ARCH = YES;
				PREBINDING = NO;
				SDKROOT = macosx10.6;
			};
			name = Debug;
		};
		1DEB923708733DC60010E9CD /* Release */ = {
			isa = XCBuildConfiguration;
			buildSettings = {
				ARCHS = "$(ARCHS_STANDARD_32_64_BIT)";
				GCC_C_LANGUAGE_STANDARD = gnu99;
				GCC_WARN_ABOUT_RETURN_TYPE = YES;
				GCC_WARN_UNUSED_VARIABLE = YES;
				HEADER_SEARCH_PATHS = "${SOURCE_ROOT}";
				PREBINDING = NO;
				SDKROOT = macosx10.6;
			};
			name = Release;
		};
/* End XCBuildConfiguration section */

/* Begin XCConfigurationList section */
		1DEB923108733DC60010E9CD /* Build configuration list for PBXNativeTarget "Project1" */ = {
			isa = XCConfigurationList;
			buildConfigurations = (
				1DEB923208733DC60010E9CD /* Debug */,
				1DEB923308733DC60010E9CD /* Release */,
			);
			defaultConfigurationIsVisible = 0;
			defaultConfigurationName = Release;
		};
		1DEB923508733DC60010E9CD /* Build configuration list for PBXProject "Project1" */ = {
			isa = XCConfigurationList;
			buildConfigurations = (
				1DEB923608733DC60010E9CD /* Debug */,
				1DEB923708733DC60010E9CD /* Release */,
			);
			defaultConfigurationIsVisible = 0;
			defaultConfigurationName = Release;
		};
/* End XCConfigurationList section */
	};
	rootObject = 08FB7793FE84155DC02AAC07 /* Project object */;
}
